
Microsoft Visual Studio Solution File, Format Version 12.00
# Visual Studio Version 17
VisualStudioVersion = 17.0.33530.339
MinimumVisualStudioVersion = 10.0.40219.1
Project("{9A19103F-16F7-4668-BE54-9A1E7A4F7556}") = "SewerHeatGIS_Web", "SewerHeatGIS_Web\SewerHeatGIS_Web.csproj", "{BA4AF694-E844-401B-B906-83D370276F4E}"
EndProject
Project("{9A19103F-16F7-4668-BE54-9A1E7A4F7556}") = "SewerHeatGIS_ProAppModule", "SewerHeatGIS_ProAppModule\SewerHeatGIS_ProAppModule.csproj", "{F37BE7D8-DDDE-4145-9C60-1ACADDDEFB45}"
EndProject
Project("{888888A0-9F3D-457C-B088-3A5042F75D52}") = "Geoprocessing", "SewerHeatGIS\ArcGisPro\Geoprocessing.pyproj", "{6D0AB4E6-08B2-4836-99D6-42136C47DB45}"
EndProject
Global
	GlobalSection(SolutionConfigurationPlatforms) = preSolution
		Debug|Any CPU = Debug|Any CPU
		Release|Any CPU = Release|Any CPU
	EndGlobalSection
	GlobalSection(ProjectConfigurationPlatforms) = postSolution
		{BA4AF694-E844-401B-B906-83D370276F4E}.Debug|Any CPU.ActiveCfg = Debug|Any CPU
		{BA4AF694-E844-401B-B906-83D370276F4E}.Debug|Any CPU.Build.0 = Debug|Any CPU
		{BA4AF694-E844-401B-B906-83D370276F4E}.Release|Any CPU.ActiveCfg = Release|Any CPU
		{BA4AF694-E844-401B-B906-83D370276F4E}.Release|Any CPU.Build.0 = Release|Any CPU
		{F37BE7D8-DDDE-4145-9C60-1ACADDDEFB45}.Debug|Any CPU.ActiveCfg = Debug|Any CPU
		{F37BE7D8-DDDE-4145-9C60-1ACADDDEFB45}.Debug|Any CPU.Build.0 = Debug|Any CPU
		{F37BE7D8-DDDE-4145-9C60-1ACADDDEFB45}.Release|Any CPU.ActiveCfg = Release|Any CPU
		{F37BE7D8-DDDE-4145-9C60-1ACADDDEFB45}.Release|Any CPU.Build.0 = Release|Any CPU
		{6D0AB4E6-08B2-4836-99D6-42136C47DB45}.Debug|Any CPU.ActiveCfg = Debug|Any CPU
		{6D0AB4E6-08B2-4836-99D6-42136C47DB45}.Release|Any CPU.ActiveCfg = Release|Any CPU
	EndGlobalSection
	GlobalSection(SolutionProperties) = preSolution
		HideSolutionNode = FALSE
	EndGlobalSection
	GlobalSection(ExtensibilityGlobals) = postSolution
		SolutionGuid = {4C3BAEF8-B7A6-46E2-9033-A56D77A18A62}
	EndGlobalSection
EndGlobal
